
Microsoft Visual Studio Solution File, Format Version 12.00
# Visual Studio Version 17
VisualStudioVersion = 17.14.37111.16 d17.14
MinimumVisualStudioVersion = 10.0.40219.1
Project("{FAE04EC0-301F-11D3-BF4B-00C04F79EFBC}") = "EserciziListe2", "EserciziListe2.csproj", "{F2E46D07-555C-480D-B0C0-0B7FD82ABF82}"
EndProject
Global
	GlobalSection(SolutionConfigurationPlatforms) = preSolution
		Debug|Any CPU = Debug|Any CPU
		Release|Any CPU = Release|Any CPU
	EndGlobalSection
	GlobalSection(ProjectConfigurationPlatforms) = postSolution
		{F2E46D07-555C-480D-B0C0-0B7FD82ABF82}.Debug|Any CPU.ActiveCfg = Debug|Any CPU
		{F2E46D07-555C-480D-B0C0-0B7FD82ABF82}.Debug|Any CPU.Build.0 = Debug|Any CPU
		{F2E46D07-555C-480D-B0C0-0B7FD82ABF82}.Release|Any CPU.ActiveCfg = Release|Any CPU
		{F2E46D07-555C-480D-B0C0-0B7FD82ABF82}.Release|Any CPU.Build.0 = Release|Any CPU
	EndGlobalSection
	GlobalSection(SolutionProperties) = preSolution
		HideSolutionNode = FALSE
	EndGlobalSection
	GlobalSection(ExtensibilityGlobals) = postSolution
		SolutionGuid = {06B3674F-DFFD-4178-ACE1-93B7A20224E3}
	EndGlobalSection
EndGlobal
